
Microsoft Visual Studio Solution File, Format Version 12.00
# Visual Studio Version 17
VisualStudioVersion = 17.3.32929.385
MinimumVisualStudioVersion = 10.0.40219.1
Project("{FAE04EC0-301F-11D3-BF4B-00C04F79EFBC}") = "lab_11", "lab_11\lab_11.csproj", "{C974B676-100A-43AD-BE31-57D27D317E6C}"
EndProject
Global
	GlobalSection(SolutionConfigurationPlatforms) = preSolution
		Debug|Any CPU = Debug|Any CPU
		Release|Any CPU = Release|Any CPU
	EndGlobalSection
	GlobalSection(ProjectConfigurationPlatforms) = postSolution
		{C974B676-100A-43AD-BE31-57D27D317E6C}.Debug|Any CPU.ActiveCfg = Debug|Any CPU
		{C974B676-100A-43AD-BE31-57D27D317E6C}.Debug|Any CPU.Build.0 = Debug|Any CPU
		{C974B676-100A-43AD-BE31-57D27D317E6C}.Release|Any CPU.ActiveCfg = Release|Any CPU
		{C974B676-100A-43AD-BE31-57D27D317E6C}.Release|Any CPU.Build.0 = Release|Any CPU
	EndGlobalSection
	GlobalSection(SolutionProperties) = preSolution
		HideSolutionNode = FALSE
	EndGlobalSection
	GlobalSection(ExtensibilityGlobals) = postSolution
		SolutionGuid = {BA41AF69-2090-4A61-BF23-6E368CE72B5B}
	EndGlobalSection
EndGlobal
